
Microsoft Visual Studio Solution File, Format Version 12.00
# Visual Studio Version 17
VisualStudioVersion = 17.3.32804.467
MinimumVisualStudioVersion = 10.0.40219.1
Project("{FAE04EC0-301F-11D3-BF4B-00C04F79EFBC}") = "ecocash", "ecocash.csproj", "{BEA27A8C-0E33-412F-A856-87A540CA8459}"
EndProject
Global
	GlobalSection(SolutionConfigurationPlatforms) = preSolution
		Debug|Any CPU = Debug|Any CPU
		Release|Any CPU = Release|Any CPU
	EndGlobalSection
	GlobalSection(ProjectConfigurationPlatforms) = postSolution
		{BEA27A8C-0E33-412F-A856-87A540CA8459}.Debug|Any CPU.ActiveCfg = Debug|Any CPU
		{BEA27A8C-0E33-412F-A856-87A540CA8459}.Debug|Any CPU.Build.0 = Debug|Any CPU
		{BEA27A8C-0E33-412F-A856-87A540CA8459}.Release|Any CPU.ActiveCfg = Release|Any CPU
		{BEA27A8C-0E33-412F-A856-87A540CA8459}.Release|Any CPU.Build.0 = Release|Any CPU
	EndGlobalSection
	GlobalSection(SolutionProperties) = preSolution
		HideSolutionNode = FALSE
	EndGlobalSection
	GlobalSection(ExtensibilityGlobals) = postSolution
		SolutionGuid = {E7D3FC68-F293-4BF0-B184-35234F08703C}
	EndGlobalSection
EndGlobal
